PODS:
  - KonkeSdk4YinYue (0.1.0):
    - Starscream (~> 4.0.0)
  - Starscream (4.0.4)

DEPENDENCIES:
  - KonkeSdk4YinYue (from `https://github.com/KonkeSdk4YinYue/KonkeSdk4YinYue.git`)
  - Starscream (~> 4.0.0)

SPEC REPOS:
  trunk:
    - Starscream

EXTERNAL SOURCES:
  KonkeSdk4YinYue:
    :git: https://github.com/KonkeSdk4YinYue/KonkeSdk4YinYue.git

CHECKOUT OPTIONS:
  KonkeSdk4YinYue:
    :commit: cc7caca1c0a9ec0c0aaf8bc23dde8d3f37f7e11b
    :git: https://github.com/KonkeSdk4YinYue/KonkeSdk4YinYue.git

SPEC CHECKSUMS:
  KonkeSdk4YinYue: e39bffee488971c79b0cafda7722325c4d7caf3f
  Starscream: 5178aed56b316f13fa3bc55694e583d35dd414d9

PODFILE CHECKSUM: 215456afb5da4e26fcab53d8a7d126eaf74ecd0d

COCOAPODS: 1.12.1
